
Microsoft Visual Studio Solution File, Format Version 12.00
# Visual Studio 15
VisualStudioVersion = 15.0.27428.2037
MinimumVisualStudioVersion = 10.0.40219.1
Project("{FAE04EC0-301F-11D3-BF4B-00C04F79EFBC}") = "LinkShorterNET", "LinkShorterNET\LinkShorterNET.csproj", "{A2398D8A-01EC-4AAF-BDA2-AE1C60A4874E}"
EndProject
Global
	GlobalSection(SolutionConfigurationPlatforms) = preSolution
		Debug|Any CPU = Debug|Any CPU
		Release|Any CPU = Release|Any CPU
	EndGlobalSection
	GlobalSection(ProjectConfigurationPlatforms) = postSolution
		{A2398D8A-01EC-4AAF-BDA2-AE1C60A4874E}.Debug|Any CPU.ActiveCfg = Debug|Any CPU
		{A2398D8A-01EC-4AAF-BDA2-AE1C60A4874E}.Debug|Any CPU.Build.0 = Debug|Any CPU
		{A2398D8A-01EC-4AAF-BDA2-AE1C60A4874E}.Release|Any CPU.ActiveCfg = Release|Any CPU
		{A2398D8A-01EC-4AAF-BDA2-AE1C60A4874E}.Release|Any CPU.Build.0 = Release|Any CPU
	EndGlobalSection
	GlobalSection(SolutionProperties) = preSolution
		HideSolutionNode = FALSE
	EndGlobalSection
	GlobalSection(ExtensibilityGlobals) = postSolution
		SolutionGuid = {97B8BABB-D508-44D4-ACFB-29F825DC093F}
	EndGlobalSection
EndGlobal
